
Microsoft Visual Studio Solution File, Format Version 12.00
# Visual Studio Version 17
VisualStudioVersion = 17.2.32526.322
MinimumVisualStudioVersion = 10.0.40219.1
Project("{FAE04EC0-301F-11D3-BF4B-00C04F79EFBC}") = "7-OOP1", "7-OOP1\7-OOP1.csproj", "{87DB24D7-D473-4305-9396-F87A15F31253}"
EndProject
Global
	GlobalSection(SolutionConfigurationPlatforms) = preSolution
		Debug|Any CPU = Debug|Any CPU
		Release|Any CPU = Release|Any CPU
	EndGlobalSection
	GlobalSection(ProjectConfigurationPlatforms) = postSolution
		{87DB24D7-D473-4305-9396-F87A15F31253}.Debug|Any CPU.ActiveCfg = Debug|Any CPU
		{87DB24D7-D473-4305-9396-F87A15F31253}.Debug|Any CPU.Build.0 = Debug|Any CPU
		{87DB24D7-D473-4305-9396-F87A15F31253}.Release|Any CPU.ActiveCfg = Release|Any CPU
		{87DB24D7-D473-4305-9396-F87A15F31253}.Release|Any CPU.Build.0 = Release|Any CPU
	EndGlobalSection
	GlobalSection(SolutionProperties) = preSolution
		HideSolutionNode = FALSE
	EndGlobalSection
	GlobalSection(ExtensibilityGlobals) = postSolution
		SolutionGuid = {79E401C1-13FF-410A-BCA1-475DA0ECDAFA}
	EndGlobalSection
EndGlobal
